
Microsoft Visual Studio Solution File, Format Version 12.00
# Visual Studio 14
VisualStudioVersion = 14.0.25420.1
MinimumVisualStudioVersion = 10.0.40219.1
Project("{FAE04EC0-301F-11D3-BF4B-00C04F79EFBC}") = "2.View", "2.View\2.View.csproj", "{9399F680-F2F4-4CF6-A7DA-A4780C571209}"
EndProject
Project("{FAE04EC0-301F-11D3-BF4B-00C04F79EFBC}") = "3.Controller", "3.Controller\3.Controller.csproj", "{237A003E-2748-4E52-9E45-C697829792E2}"
EndProject
Project("{FAE04EC0-301F-11D3-BF4B-00C04F79EFBC}") = "1.Model", "1.Model\1.Model.csproj", "{BA47CAC3-8DDA-4B2C-A13B-686D8B7BCD5C}"
EndProject
Global
	GlobalSection(SolutionConfigurationPlatforms) = preSolution
		Debug|Any CPU = Debug|Any CPU
		Release|Any CPU = Release|Any CPU
	EndGlobalSection
	GlobalSection(ProjectConfigurationPlatforms) = postSolution
		{9399F680-F2F4-4CF6-A7DA-A4780C571209}.Debug|Any CPU.ActiveCfg = Debug|Any CPU
		{9399F680-F2F4-4CF6-A7DA-A4780C571209}.Debug|Any CPU.Build.0 = Debug|Any CPU
		{9399F680-F2F4-4CF6-A7DA-A4780C571209}.Release|Any CPU.ActiveCfg = Release|Any CPU
		{9399F680-F2F4-4CF6-A7DA-A4780C571209}.Release|Any CPU.Build.0 = Release|Any CPU
		{237A003E-2748-4E52-9E45-C697829792E2}.Debug|Any CPU.ActiveCfg = Debug|Any CPU
		{237A003E-2748-4E52-9E45-C697829792E2}.Debug|Any CPU.Build.0 = Debug|Any CPU
		{237A003E-2748-4E52-9E45-C697829792E2}.Release|Any CPU.ActiveCfg = Release|Any CPU
		{237A003E-2748-4E52-9E45-C697829792E2}.Release|Any CPU.Build.0 = Release|Any CPU
		{BA47CAC3-8DDA-4B2C-A13B-686D8B7BCD5C}.Debug|Any CPU.ActiveCfg = Debug|Any CPU
		{BA47CAC3-8DDA-4B2C-A13B-686D8B7BCD5C}.Debug|Any CPU.Build.0 = Debug|Any CPU
		{BA47CAC3-8DDA-4B2C-A13B-686D8B7BCD5C}.Release|Any CPU.ActiveCfg = Release|Any CPU
		{BA47CAC3-8DDA-4B2C-A13B-686D8B7BCD5C}.Release|Any CPU.Build.0 = Release|Any CPU
	EndGlobalSection
	GlobalSection(SolutionProperties) = preSolution
		HideSolutionNode = FALSE
	EndGlobalSection
EndGlobal
